# THIS IS AN AUTOGENERATED FILE. DO NOT EDIT THIS FILE DIRECTLY.
# yarn lockfile v1


add-prefix-postcss-plugin@^0.0.2:
  version "0.0.2"
  resolved "https://registry.npmjs.org/add-prefix-postcss-plugin/-/add-prefix-postcss-plugin-0.0.2.tgz#a1dad16aed57871e6cab4066efa63a6e168b013b"
  integrity sha512-BxV9PLtwnohxJFUanjfWXWlKTUG9WNJdtG7BxtZP2cf1QzPgR1MaygTYjMVac6z+YOwIpkUQDeXDObjevMTpnA==
